
Microsoft Visual Studio Solution File, Format Version 12.00
# Visual Studio Version 16
VisualStudioVersion = 16.0.30804.86
MinimumVisualStudioVersion = 10.0.40219.1
Project("{FAE04EC0-301F-11D3-BF4B-00C04F79EFBC}") = "Hesap Makinesi", "Hesap Makinesi.csproj", "{458F4C57-59C1-4E09-A710-A4ADD3302BA2}"
EndProject
Global
	GlobalSection(SolutionConfigurationPlatforms) = preSolution
		Debug|Any CPU = Debug|Any CPU
		Release|Any CPU = Release|Any CPU
	EndGlobalSection
	GlobalSection(ProjectConfigurationPlatforms) = postSolution
		{458F4C57-59C1-4E09-A710-A4ADD3302BA2}.Debug|Any CPU.ActiveCfg = Debug|Any CPU
		{458F4C57-59C1-4E09-A710-A4ADD3302BA2}.Debug|Any CPU.Build.0 = Debug|Any CPU
		{458F4C57-59C1-4E09-A710-A4ADD3302BA2}.Release|Any CPU.ActiveCfg = Release|Any CPU
		{458F4C57-59C1-4E09-A710-A4ADD3302BA2}.Release|Any CPU.Build.0 = Release|Any CPU
	EndGlobalSection
	GlobalSection(SolutionProperties) = preSolution
		HideSolutionNode = FALSE
	EndGlobalSection
	GlobalSection(ExtensibilityGlobals) = postSolution
		SolutionGuid = {5FED331F-4003-47C3-854B-F4D121E374B8}
	EndGlobalSection
EndGlobal
